
Microsoft Visual Studio Solution File, Format Version 12.00
# Visual Studio Version 17
VisualStudioVersion = 17.14.36414.22
MinimumVisualStudioVersion = 10.0.40219.1
Project("{FAE04EC0-301F-11D3-BF4B-00C04F79EFBC}") = "SystemAssignment", "SystemAssignment\SystemAssignment.csproj", "{A7CD268A-EDBF-4E30-8130-9DED9CCDFDE4}"
EndProject
Project("{FAE04EC0-301F-11D3-BF4B-00C04F79EFBC}") = "TextFileProcessor", "TextFileProcessor\TextFileProcessor.csproj", "{47ADC0FA-F23C-4553-8253-02A78A172AA6}"
EndProject
Project("{FAE04EC0-301F-11D3-BF4B-00C04F79EFBC}") = "LogFileWriter", "LogFileWriter\LogFileWriter.csproj", "{46F34B8B-74B7-475F-A250-10DCF9F948A3}"
EndProject
Global
	GlobalSection(SolutionConfigurationPlatforms) = preSolution
		Debug|Any CPU = Debug|Any CPU
		Release|Any CPU = Release|Any CPU
	EndGlobalSection
	GlobalSection(ProjectConfigurationPlatforms) = postSolution
		{A7CD268A-EDBF-4E30-8130-9DED9CCDFDE4}.Debug|Any CPU.ActiveCfg = Debug|Any CPU
		{A7CD268A-EDBF-4E30-8130-9DED9CCDFDE4}.Debug|Any CPU.Build.0 = Debug|Any CPU
		{A7CD268A-EDBF-4E30-8130-9DED9CCDFDE4}.Release|Any CPU.ActiveCfg = Release|Any CPU
		{A7CD268A-EDBF-4E30-8130-9DED9CCDFDE4}.Release|Any CPU.Build.0 = Release|Any CPU
		{47ADC0FA-F23C-4553-8253-02A78A172AA6}.Debug|Any CPU.ActiveCfg = Debug|Any CPU
		{47ADC0FA-F23C-4553-8253-02A78A172AA6}.Debug|Any CPU.Build.0 = Debug|Any CPU
		{47ADC0FA-F23C-4553-8253-02A78A172AA6}.Release|Any CPU.ActiveCfg = Release|Any CPU
		{47ADC0FA-F23C-4553-8253-02A78A172AA6}.Release|Any CPU.Build.0 = Release|Any CPU
		{46F34B8B-74B7-475F-A250-10DCF9F948A3}.Debug|Any CPU.ActiveCfg = Debug|Any CPU
		{46F34B8B-74B7-475F-A250-10DCF9F948A3}.Debug|Any CPU.Build.0 = Debug|Any CPU
		{46F34B8B-74B7-475F-A250-10DCF9F948A3}.Release|Any CPU.ActiveCfg = Release|Any CPU
		{46F34B8B-74B7-475F-A250-10DCF9F948A3}.Release|Any CPU.Build.0 = Release|Any CPU
	EndGlobalSection
	GlobalSection(SolutionProperties) = preSolution
		HideSolutionNode = FALSE
	EndGlobalSection
	GlobalSection(ExtensibilityGlobals) = postSolution
		SolutionGuid = {5F10021D-3A8D-4A9B-8BC2-8AC66053CFB1}
	EndGlobalSection
EndGlobal
